
Microsoft Visual Studio Solution File, Format Version 12.00
# Visual Studio Version 17
VisualStudioVersion = 17.8.34511.84
MinimumVisualStudioVersion = 10.0.40219.1
Project("{2150E333-8FDC-42A3-9474-1A3956D46DE8}") = "1)HelloWorld", "1)HelloWorld", "{B99F5329-8F77-4A9C-B489-6718AEFB5D88}"
EndProject
Project("{2150E333-8FDC-42A3-9474-1A3956D46DE8}") = "2)Calculating", "2)Calculating", "{F62C62D7-DCA1-48C4-A916-804D158A220D}"
EndProject
Project("{2150E333-8FDC-42A3-9474-1A3956D46DE8}") = "3)Cycles", "3)Cycles", "{38483528-577B-4080-84A1-821C667A8F21}"
EndProject
Project("{FAE04EC0-301F-11D3-BF4B-00C04F79EFBC}") = "HelloWorldConsoleApp", "AllConsoleProjects\Projects\HelloWorldConsoleApp\HelloWorldConsoleApp\HelloWorldConsoleApp.csproj", "{1BEFF8DE-0ADC-4B6A-B71A-AFF860D5575E}"
EndProject
Project("{FAE04EC0-301F-11D3-BF4B-00C04F79EFBC}") = "CyclesConsoleApp", "AllConsoleProjects\Projects\CyclesConsoleApp\CyclesConsoleApp\CyclesConsoleApp.csproj", "{C15989BB-50DD-497B-95FB-F214C32330BE}"
EndProject
Project("{FAE04EC0-301F-11D3-BF4B-00C04F79EFBC}") = "CalculatingConsoleApp", "AllConsoleProjects\Projects\CalculatingConsoleApp\CalculatingConsoleApp\CalculatingConsoleApp.csproj", "{64B07DC7-A270-4A4F-9012-C2CE0DF62E68}"
EndProject
Project("{2150E333-8FDC-42A3-9474-1A3956D46DE8}") = "4)Massives", "4)Massives", "{8DEF43AA-4EB2-44DA-AA06-2BA0D22CBD7D}"
EndProject
Project("{2150E333-8FDC-42A3-9474-1A3956D46DE8}") = "Task1", "Task1", "{B76F1FAE-A813-4425-BAB4-FFE06002271B}"
EndProject
Project("{FAE04EC0-301F-11D3-BF4B-00C04F79EFBC}") = "MassivesTask1", "AllConsoleProjects\Projects\MassivesConsoleApp\MassivesTask1\MassivesTask1.csproj", "{E87F8C9F-4583-4CEF-B08D-93336A67481B}"
EndProject
Project("{FAE04EC0-301F-11D3-BF4B-00C04F79EFBC}") = "MassivesTask2", "AllConsoleProjects\Projects\MassivesConsoleApp\MassivesTask2\MassivesTask2.csproj", "{2ABD3CC5-F0D5-47AD-831A-AC45BA054E00}"
EndProject
Project("{2150E333-8FDC-42A3-9474-1A3956D46DE8}") = "Task2", "Task2", "{E4888712-9C79-4B41-AFE4-47FAE0683E41}"
EndProject
Project("{2150E333-8FDC-42A3-9474-1A3956D46DE8}") = "5)Methods", "5)Methods", "{1011A7EC-4D44-4F40-8C93-BA540772453E}"
EndProject
Project("{2150E333-8FDC-42A3-9474-1A3956D46DE8}") = "Example", "Example", "{A7114825-51C2-4C61-BD24-AE22BC10BD1A}"
EndProject
Project("{FAE04EC0-301F-11D3-BF4B-00C04F79EFBC}") = "MethodsExample", "AllConsoleProjects\Projects\MethodsConsoleApp\MethodsExample\MethodsExample.csproj", "{740B4EB9-E380-4BD3-A027-20AAD0F7F5FD}"
EndProject
Project("{2150E333-8FDC-42A3-9474-1A3956D46DE8}") = "Task1", "Task1", "{53CA912C-AB80-4A84-9B0C-D27AD4483B70}"
EndProject
Project("{FAE04EC0-301F-11D3-BF4B-00C04F79EFBC}") = "MethodsTask1", "AllConsoleProjects\Projects\MethodsConsoleApp\MethodsTask1\MethodsTask1.csproj", "{8C5E387F-1DCA-44BD-89ED-BD2D8B4E77D5}"
EndProject
Project("{2150E333-8FDC-42A3-9474-1A3956D46DE8}") = "Task2", "Task2", "{9017D54E-BC02-4BC6-BFE4-FFA673F06509}"
EndProject
Project("{FAE04EC0-301F-11D3-BF4B-00C04F79EFBC}") = "MethodsTask2", "AllConsoleProjects\Projects\MethodsConsoleApp\MethodsTask2\MethodsTask2.csproj", "{63FDF8E3-F753-429C-AAFF-42301BA1A183}"
EndProject
Global
	GlobalSection(SolutionConfigurationPlatforms) = preSolution
		Debug|Any CPU = Debug|Any CPU
		Release|Any CPU = Release|Any CPU
	EndGlobalSection
	GlobalSection(ProjectConfigurationPlatforms) = postSolution
		{1BEFF8DE-0ADC-4B6A-B71A-AFF860D5575E}.Debug|Any CPU.ActiveCfg = Debug|Any CPU
		{1BEFF8DE-0ADC-4B6A-B71A-AFF860D5575E}.Debug|Any CPU.Build.0 = Debug|Any CPU
		{1BEFF8DE-0ADC-4B6A-B71A-AFF860D5575E}.Release|Any CPU.ActiveCfg = Release|Any CPU
		{1BEFF8DE-0ADC-4B6A-B71A-AFF860D5575E}.Release|Any CPU.Build.0 = Release|Any CPU
		{C15989BB-50DD-497B-95FB-F214C32330BE}.Debug|Any CPU.ActiveCfg = Debug|Any CPU
		{C15989BB-50DD-497B-95FB-F214C32330BE}.Debug|Any CPU.Build.0 = Debug|Any CPU
		{C15989BB-50DD-497B-95FB-F214C32330BE}.Release|Any CPU.ActiveCfg = Release|Any CPU
		{C15989BB-50DD-497B-95FB-F214C32330BE}.Release|Any CPU.Build.0 = Release|Any CPU
		{64B07DC7-A270-4A4F-9012-C2CE0DF62E68}.Debug|Any CPU.ActiveCfg = Debug|Any CPU
		{64B07DC7-A270-4A4F-9012-C2CE0DF62E68}.Debug|Any CPU.Build.0 = Debug|Any CPU
		{64B07DC7-A270-4A4F-9012-C2CE0DF62E68}.Release|Any CPU.ActiveCfg = Release|Any CPU
		{64B07DC7-A270-4A4F-9012-C2CE0DF62E68}.Release|Any CPU.Build.0 = Release|Any CPU
		{E87F8C9F-4583-4CEF-B08D-93336A67481B}.Debug|Any CPU.ActiveCfg = Debug|Any CPU
		{E87F8C9F-4583-4CEF-B08D-93336A67481B}.Debug|Any CPU.Build.0 = Debug|Any CPU
		{E87F8C9F-4583-4CEF-B08D-93336A67481B}.Release|Any CPU.ActiveCfg = Release|Any CPU
		{E87F8C9F-4583-4CEF-B08D-93336A67481B}.Release|Any CPU.Build.0 = Release|Any CPU
		{2ABD3CC5-F0D5-47AD-831A-AC45BA054E00}.Debug|Any CPU.ActiveCfg = Debug|Any CPU
		{2ABD3CC5-F0D5-47AD-831A-AC45BA054E00}.Debug|Any CPU.Build.0 = Debug|Any CPU
		{2ABD3CC5-F0D5-47AD-831A-AC45BA054E00}.Release|Any CPU.ActiveCfg = Release|Any CPU
		{2ABD3CC5-F0D5-47AD-831A-AC45BA054E00}.Release|Any CPU.Build.0 = Release|Any CPU
		{740B4EB9-E380-4BD3-A027-20AAD0F7F5FD}.Debug|Any CPU.ActiveCfg = Debug|Any CPU
		{740B4EB9-E380-4BD3-A027-20AAD0F7F5FD}.Debug|Any CPU.Build.0 = Debug|Any CPU
		{740B4EB9-E380-4BD3-A027-20AAD0F7F5FD}.Release|Any CPU.ActiveCfg = Release|Any CPU
		{740B4EB9-E380-4BD3-A027-20AAD0F7F5FD}.Release|Any CPU.Build.0 = Release|Any CPU
		{8C5E387F-1DCA-44BD-89ED-BD2D8B4E77D5}.Debug|Any CPU.ActiveCfg = Debug|Any CPU
		{8C5E387F-1DCA-44BD-89ED-BD2D8B4E77D5}.Debug|Any CPU.Build.0 = Debug|Any CPU
		{8C5E387F-1DCA-44BD-89ED-BD2D8B4E77D5}.Release|Any CPU.ActiveCfg = Release|Any CPU
		{8C5E387F-1DCA-44BD-89ED-BD2D8B4E77D5}.Release|Any CPU.Build.0 = Release|Any CPU
		{63FDF8E3-F753-429C-AAFF-42301BA1A183}.Debug|Any CPU.ActiveCfg = Debug|Any CPU
		{63FDF8E3-F753-429C-AAFF-42301BA1A183}.Debug|Any CPU.Build.0 = Debug|Any CPU
		{63FDF8E3-F753-429C-AAFF-42301BA1A183}.Release|Any CPU.ActiveCfg = Release|Any CPU
		{63FDF8E3-F753-429C-AAFF-42301BA1A183}.Release|Any CPU.Build.0 = Release|Any CPU
	EndGlobalSection
	GlobalSection(SolutionProperties) = preSolution
		HideSolutionNode = FALSE
	EndGlobalSection
	GlobalSection(NestedProjects) = preSolution
		{1BEFF8DE-0ADC-4B6A-B71A-AFF860D5575E} = {B99F5329-8F77-4A9C-B489-6718AEFB5D88}
		{C15989BB-50DD-497B-95FB-F214C32330BE} = {38483528-577B-4080-84A1-821C667A8F21}
		{64B07DC7-A270-4A4F-9012-C2CE0DF62E68} = {F62C62D7-DCA1-48C4-A916-804D158A220D}
		{B76F1FAE-A813-4425-BAB4-FFE06002271B} = {8DEF43AA-4EB2-44DA-AA06-2BA0D22CBD7D}
		{E87F8C9F-4583-4CEF-B08D-93336A67481B} = {B76F1FAE-A813-4425-BAB4-FFE06002271B}
		{2ABD3CC5-F0D5-47AD-831A-AC45BA054E00} = {E4888712-9C79-4B41-AFE4-47FAE0683E41}
		{E4888712-9C79-4B41-AFE4-47FAE0683E41} = {8DEF43AA-4EB2-44DA-AA06-2BA0D22CBD7D}
		{A7114825-51C2-4C61-BD24-AE22BC10BD1A} = {1011A7EC-4D44-4F40-8C93-BA540772453E}
		{740B4EB9-E380-4BD3-A027-20AAD0F7F5FD} = {A7114825-51C2-4C61-BD24-AE22BC10BD1A}
		{53CA912C-AB80-4A84-9B0C-D27AD4483B70} = {1011A7EC-4D44-4F40-8C93-BA540772453E}
		{8C5E387F-1DCA-44BD-89ED-BD2D8B4E77D5} = {53CA912C-AB80-4A84-9B0C-D27AD4483B70}
		{9017D54E-BC02-4BC6-BFE4-FFA673F06509} = {1011A7EC-4D44-4F40-8C93-BA540772453E}
		{63FDF8E3-F753-429C-AAFF-42301BA1A183} = {9017D54E-BC02-4BC6-BFE4-FFA673F06509}
	EndGlobalSection
	GlobalSection(ExtensibilityGlobals) = postSolution
		SolutionGuid = {77BCEF94-85B9-42CE-A329-EBE265BE5C5E}
	EndGlobalSection
EndGlobal
